
Microsoft Visual Studio Solution File, Format Version 12.00
# Visual Studio Version 16
VisualStudioVersion = 16.0.31105.61
MinimumVisualStudioVersion = 10.0.40219.1
Project("{FAE04EC0-301F-11D3-BF4B-00C04F79EFBC}") = "1", "1.csproj", "{629B81EB-5562-4A18-9995-53B83A4EF37A}"
EndProject
Global
	GlobalSection(SolutionConfigurationPlatforms) = preSolution
		Debug|Any CPU = Debug|Any CPU
		Release|Any CPU = Release|Any CPU
	EndGlobalSection
	GlobalSection(ProjectConfigurationPlatforms) = postSolution
		{629B81EB-5562-4A18-9995-53B83A4EF37A}.Debug|Any CPU.ActiveCfg = Debug|Any CPU
		{629B81EB-5562-4A18-9995-53B83A4EF37A}.Debug|Any CPU.Build.0 = Debug|Any CPU
		{629B81EB-5562-4A18-9995-53B83A4EF37A}.Release|Any CPU.ActiveCfg = Release|Any CPU
		{629B81EB-5562-4A18-9995-53B83A4EF37A}.Release|Any CPU.Build.0 = Release|Any CPU
	EndGlobalSection
	GlobalSection(SolutionProperties) = preSolution
		HideSolutionNode = FALSE
	EndGlobalSection
	GlobalSection(ExtensibilityGlobals) = postSolution
		SolutionGuid = {09A2A87C-39D2-4FF8-A797-BF73D9637F30}
	EndGlobalSection
EndGlobal
